{
  "name": "@subgeniuscorp/logger",
  "version": "1.0.0",
  "lockfileVersion": 2,
  "requires": true,
  "packages": {
    "": {
      "name": "@subgeniuscorp/logger",
      "version": "1.0.0",
      "license": "MIT",
      "dependencies": {
        "pino": "^6.11.1"
      },
      "devDependencies": {}
    },
    "node_modules/@types/node": {
      "version": "15.6.0",
      "resolved": "https://registry.npmjs.org/@types/node/-/node-15.6.0.tgz",
      "integrity": "sha512-gCYSfQpy+LYhOFTKAeE8BkyGqaxmlFxe+n4DKM6DR0wzw/HISUE/hAmkC/KT8Sw5PCJblqg062b3z9gucv3k0A==",
      "dev": true
    },
    "node_modules/@types/pino": {
      "version": "6.3.8",
      "resolved": "https://registry.npmjs.org/@types/pino/-/pino-6.3.8.tgz",
      "integrity": "sha512-E47CmRy1FNMaCN8r0d8ECQOjXen9O0p6GGsUjLfmawlxRKosZ82WP1oWVKj+ikTkMDHxWzN5BuKmplo44ynrIg==",
      "dev": true,
      "dependencies": {
        "@types/node": "*",
        "@types/pino-pretty": "*",
        "@types/pino-std-serializers": "*",
        "@types/sonic-boom": "*"
      }
    },
    "node_modules/@types/pino-pretty": {
      "version": "4.7.0",
      "resolved": "https://registry.npmjs.org/@types/pino-pretty/-/pino-pretty-4.7.0.tgz",
      "integrity": "sha512-fIZ+VXf9gJoJR4tiiM7G+j/bZkPoZEfFGzA4d8tAWCTpTVyvVaBwnmdLs3wEXYpMjw8eXulrOzNCjmGHT3FgHw==",
      "dev": true,
      "dependencies": {
        "@types/pino": "*"
      }
    },
    "node_modules/@types/pino-std-serializers": {
      "version": "2.4.1",
      "resolved": "https://registry.npmjs.org/@types/pino-std-serializers/-/pino-std-serializers-2.4.1.tgz",
      "integrity": "sha512-17XcksO47M24IVTVKPeAByWUd3Oez7EbIjXpSbzMPhXVzgjGtrOa49gKBwxH9hb8dKv58OelsWQ+A1G1l9S3wQ==",
      "dev": true,
      "dependencies": {
        "@types/node": "*"
      }
    },
    "node_modules/@types/sonic-boom": {
      "version": "0.7.0",
      "resolved": "https://registry.npmjs.org/@types/sonic-boom/-/sonic-boom-0.7.0.tgz",
      "integrity": "sha512-AfqR0fZMoUXUNwusgXKxcE9DPlHNDHQp6nKYUd4PSRpLobF5CCevSpyTEBcVZreqaWKCnGBr9KI1fHMTttoB7A==",
      "dev": true,
      "dependencies": {
        "@types/node": "*"
      }
    },
    "node_modules/atomic-sleep": {
      "version": "1.0.0",
      "resolved": "https://registry.npmjs.org/atomic-sleep/-/atomic-sleep-1.0.0.tgz",
      "integrity": "sha512-kNOjDqAh7px0XWNI+4QbzoiR/nTkHAWNud2uvnJquD1/x5a7EQZMJT0AczqK0Qn67oY/TTQ1LbUKajZpp3I9tQ==",
      "engines": {
        "node": ">=8.0.0"
      }
    },
    "node_modules/fast-redact": {
      "version": "3.0.0",
      "resolved": "https://registry.npmjs.org/fast-redact/-/fast-redact-3.0.0.tgz",
      "integrity": "sha512-a/S/Hp6aoIjx7EmugtzLqXmcNsyFszqbt6qQ99BdG61QjBZF6shNis0BYR6TsZOQ1twYc0FN2Xdhwwbv6+KD0w==",
      "engines": {
        "node": ">=6"
      }
    },
    "node_modules/fast-safe-stringify": {
      "version": "2.0.7",
      "resolved": "https://registry.npmjs.org/fast-safe-stringify/-/fast-safe-stringify-2.0.7.tgz",
      "integrity": "sha512-Utm6CdzT+6xsDk2m8S6uL8VHxNwI6Jub+e9NYTcAms28T84pTa25GJQV9j0CY0N1rM8hK4x6grpF2BQf+2qwVA=="
    },
    "node_modules/flatstr": {
      "version": "1.0.12",
      "resolved": "https://registry.npmjs.org/flatstr/-/flatstr-1.0.12.tgz",
      "integrity": "sha512-4zPxDyhCyiN2wIAtSLI6gc82/EjqZc1onI4Mz/l0pWrAlsSfYH/2ZIcU+e3oA2wDwbzIWNKwa23F8rh6+DRWkw=="
    },
    "node_modules/pino": {
      "version": "6.11.1",
      "resolved": "https://registry.npmjs.org/pino/-/pino-6.11.1.tgz",
      "integrity": "sha512-PoDR/4jCyaP1k2zhuQ4N0NuhaMtei+C9mUHBRRJQujexl/bq3JkeL2OC23ada6Np3zeUMHbO4TGzY2D/rwZX3w==",
      "dependencies": {
        "fast-redact": "^3.0.0",
        "fast-safe-stringify": "^2.0.7",
        "flatstr": "^1.0.12",
        "pino-std-serializers": "^3.1.0",
        "quick-format-unescaped": "^4.0.1",
        "sonic-boom": "^1.0.2"
      },
      "bin": {
        "pino": "bin.js"
      }
    },
    "node_modules/pino-std-serializers": {
      "version": "3.2.0",
      "resolved": "https://registry.npmjs.org/pino-std-serializers/-/pino-std-serializers-3.2.0.tgz",
      "integrity": "sha512-EqX4pwDPrt3MuOAAUBMU0Tk5kR/YcCM5fNPEzgCO2zJ5HfX0vbiH9HbJglnyeQsN96Kznae6MWD47pZB5avTrg=="
    },
    "node_modules/quick-format-unescaped": {
      "version": "4.0.1",
      "resolved": "https://registry.npmjs.org/quick-format-unescaped/-/quick-format-unescaped-4.0.1.tgz",
      "integrity": "sha512-RyYpQ6Q5/drsJyOhrWHYMWTedvjTIat+FTwv0K4yoUxzvekw2aRHMQJLlnvt8UantkZg2++bEzD9EdxXqkWf4A=="
    },
    "node_modules/sonic-boom": {
      "version": "1.3.2",
      "resolved": "https://registry.npmjs.org/sonic-boom/-/sonic-boom-1.3.2.tgz",
      "integrity": "sha512-/B4tAuK2+hIlR94GhhWU1mJHWk5lt0CEuBvG0kvk1qIAzQc4iB1TieMio8DCZxY+Y7tsuzOxSUDOGmaUm3vXMg==",
      "dependencies": {
        "atomic-sleep": "^1.0.0",
        "flatstr": "^1.0.12"
      }
    }
  },
  "dependencies": {
    "@types/node": {
      "version": "15.6.0",
      "resolved": "https://registry.npmjs.org/@types/node/-/node-15.6.0.tgz",
      "integrity": "sha512-gCYSfQpy+LYhOFTKAeE8BkyGqaxmlFxe+n4DKM6DR0wzw/HISUE/hAmkC/KT8Sw5PCJblqg062b3z9gucv3k0A==",
      "dev": true
    },
    "@types/pino": {
      "version": "6.3.8",
      "resolved": "https://registry.npmjs.org/@types/pino/-/pino-6.3.8.tgz",
      "integrity": "sha512-E47CmRy1FNMaCN8r0d8ECQOjXen9O0p6GGsUjLfmawlxRKosZ82WP1oWVKj+ikTkMDHxWzN5BuKmplo44ynrIg==",
      "dev": true,
      "requires": {
        "@types/node": "*",
        "@types/pino-pretty": "*",
        "@types/pino-std-serializers": "*",
        "@types/sonic-boom": "*"
      }
    },
    "@types/pino-pretty": {
      "version": "4.7.0",
      "resolved": "https://registry.npmjs.org/@types/pino-pretty/-/pino-pretty-4.7.0.tgz",
      "integrity": "sha512-fIZ+VXf9gJoJR4tiiM7G+j/bZkPoZEfFGzA4d8tAWCTpTVyvVaBwnmdLs3wEXYpMjw8eXulrOzNCjmGHT3FgHw==",
      "dev": true,
      "requires": {
        "@types/pino": "*"
      }
    },
    "@types/pino-std-serializers": {
      "version": "2.4.1",
      "resolved": "https://registry.npmjs.org/@types/pino-std-serializers/-/pino-std-serializers-2.4.1.tgz",
      "integrity": "sha512-17XcksO47M24IVTVKPeAByWUd3Oez7EbIjXpSbzMPhXVzgjGtrOa49gKBwxH9hb8dKv58OelsWQ+A1G1l9S3wQ==",
      "dev": true,
      "requires": {
        "@types/node": "*"
      }
    },
    "@types/sonic-boom": {
      "version": "0.7.0",
      "resolved": "https://registry.npmjs.org/@types/sonic-boom/-/sonic-boom-0.7.0.tgz",
      "integrity": "sha512-AfqR0fZMoUXUNwusgXKxcE9DPlHNDHQp6nKYUd4PSRpLobF5CCevSpyTEBcVZreqaWKCnGBr9KI1fHMTttoB7A==",
      "dev": true,
      "requires": {
        "@types/node": "*"
      }
    },
    "atomic-sleep": {
      "version": "1.0.0",
      "resolved": "https://registry.npmjs.org/atomic-sleep/-/atomic-sleep-1.0.0.tgz",
      "integrity": "sha512-kNOjDqAh7px0XWNI+4QbzoiR/nTkHAWNud2uvnJquD1/x5a7EQZMJT0AczqK0Qn67oY/TTQ1LbUKajZpp3I9tQ=="
    },
    "fast-redact": {
      "version": "3.0.0",
      "resolved": "https://registry.npmjs.org/fast-redact/-/fast-redact-3.0.0.tgz",
      "integrity": "sha512-a/S/Hp6aoIjx7EmugtzLqXmcNsyFszqbt6qQ99BdG61QjBZF6shNis0BYR6TsZOQ1twYc0FN2Xdhwwbv6+KD0w=="
    },
    "fast-safe-stringify": {
      "version": "2.0.7",
      "resolved": "https://registry.npmjs.org/fast-safe-stringify/-/fast-safe-stringify-2.0.7.tgz",
      "integrity": "sha512-Utm6CdzT+6xsDk2m8S6uL8VHxNwI6Jub+e9NYTcAms28T84pTa25GJQV9j0CY0N1rM8hK4x6grpF2BQf+2qwVA=="
    },
    "flatstr": {
      "version": "1.0.12",
      "resolved": "https://registry.npmjs.org/flatstr/-/flatstr-1.0.12.tgz",
      "integrity": "sha512-4zPxDyhCyiN2wIAtSLI6gc82/EjqZc1onI4Mz/l0pWrAlsSfYH/2ZIcU+e3oA2wDwbzIWNKwa23F8rh6+DRWkw=="
    },
    "pino": {
      "version": "6.11.1",
      "resolved": "https://registry.npmjs.org/pino/-/pino-6.11.1.tgz",
      "integrity": "sha512-PoDR/4jCyaP1k2zhuQ4N0NuhaMtei+C9mUHBRRJQujexl/bq3JkeL2OC23ada6Np3zeUMHbO4TGzY2D/rwZX3w==",
      "requires": {
        "fast-redact": "^3.0.0",
        "fast-safe-stringify": "^2.0.7",
        "flatstr": "^1.0.12",
        "pino-std-serializers": "^3.1.0",
        "quick-format-unescaped": "^4.0.1",
        "sonic-boom": "^1.0.2"
      }
    },
    "pino-std-serializers": {
      "version": "3.2.0",
      "resolved": "https://registry.npmjs.org/pino-std-serializers/-/pino-std-serializers-3.2.0.tgz",
      "integrity": "sha512-EqX4pwDPrt3MuOAAUBMU0Tk5kR/YcCM5fNPEzgCO2zJ5HfX0vbiH9HbJglnyeQsN96Kznae6MWD47pZB5avTrg=="
    },
    "quick-format-unescaped": {
      "version": "4.0.1",
      "resolved": "https://registry.npmjs.org/quick-format-unescaped/-/quick-format-unescaped-4.0.1.tgz",
      "integrity": "sha512-RyYpQ6Q5/drsJyOhrWHYMWTedvjTIat+FTwv0K4yoUxzvekw2aRHMQJLlnvt8UantkZg2++bEzD9EdxXqkWf4A=="
    },
    "sonic-boom": {
      "version": "1.3.2",
      "resolved": "https://registry.npmjs.org/sonic-boom/-/sonic-boom-1.3.2.tgz",
      "integrity": "sha512-/B4tAuK2+hIlR94GhhWU1mJHWk5lt0CEuBvG0kvk1qIAzQc4iB1TieMio8DCZxY+Y7tsuzOxSUDOGmaUm3vXMg==",
      "requires": {
        "atomic-sleep": "^1.0.0",
        "flatstr": "^1.0.12"
      }
    }
  }
}
